
Microsoft Visual Studio Solution File, Format Version 12.00
# Visual Studio Version 17
VisualStudioVersion = 17.8.34525.116
MinimumVisualStudioVersion = 10.0.40219.1
Project("{FAE04EC0-301F-11D3-BF4B-00C04F79EFBC}") = "Sem3_laba1cs", "Sem3_laba1cs\Sem3_laba1cs.csproj", "{669F7798-9DA1-427E-963D-B545488DC0AD}"
EndProject
Project("{FAE04EC0-301F-11D3-BF4B-00C04F79EFBC}") = "laba1.Tests", "laba1.Tests\laba1.Tests.csproj", "{F78C3599-8B7F-43FF-BC61-DD084028F82A}"
EndProject
Global
	GlobalSection(SolutionConfigurationPlatforms) = preSolution
		Debug|Any CPU = Debug|Any CPU
		Release|Any CPU = Release|Any CPU
	EndGlobalSection
	GlobalSection(ProjectConfigurationPlatforms) = postSolution
		{669F7798-9DA1-427E-963D-B545488DC0AD}.Debug|Any CPU.ActiveCfg = Debug|Any CPU
		{669F7798-9DA1-427E-963D-B545488DC0AD}.Debug|Any CPU.Build.0 = Debug|Any CPU
		{669F7798-9DA1-427E-963D-B545488DC0AD}.Release|Any CPU.ActiveCfg = Release|Any CPU
		{669F7798-9DA1-427E-963D-B545488DC0AD}.Release|Any CPU.Build.0 = Release|Any CPU
		{F78C3599-8B7F-43FF-BC61-DD084028F82A}.Debug|Any CPU.ActiveCfg = Debug|Any CPU
		{F78C3599-8B7F-43FF-BC61-DD084028F82A}.Debug|Any CPU.Build.0 = Debug|Any CPU
		{F78C3599-8B7F-43FF-BC61-DD084028F82A}.Release|Any CPU.ActiveCfg = Release|Any CPU
		{F78C3599-8B7F-43FF-BC61-DD084028F82A}.Release|Any CPU.Build.0 = Release|Any CPU
	EndGlobalSection
	GlobalSection(SolutionProperties) = preSolution
		HideSolutionNode = FALSE
	EndGlobalSection
	GlobalSection(ExtensibilityGlobals) = postSolution
		SolutionGuid = {6449A028-2A3A-4CA8-A6D0-7E3525C06A4C}
	EndGlobalSection
EndGlobal
